<?xml version="1.0" encoding="utf-8"?>
<Project ToolsVersion="4.0" xmlns="http://schemas.microsoft.com/developer/msbuild/2003">
  <ItemGroup>
    <Filter Include="Source Files">
      <UniqueIdentifier>{4FC737F1-C7A5-4376-A066-2A32D752A2FF}</UniqueIdentifier>
      <Extensions>cpp;c;cc;cxx;c++;cppm;ixx;def;odl;idl;hpj;bat;asm;asmx</Extensions>
    </Filter>
    <Filter Include="Header Files">
      <UniqueIdentifier>{93995380-89BD-4b04-88EB-625FBE52EBFB}</UniqueIdentifier>
      <Extensions>h;hh;hpp;hxx;h++;hm;inl;inc;ipp;xsd</Extensions>
    </Filter>
    <Filter Include="Resource Files">
      <UniqueIdentifier>{67DA6AB6-F800-4c08-8B7A-83BB121AAD01}</UniqueIdentifier>
      <Extensions>rc;ico;cur;bmp;dlg;rc2;rct;bin;rgs;gif;jpg;jpeg;jpe;resx;tiff;tif;png;wav;mfcribbon-ms</Extensions>
    </Filter>
  </ItemGroup>
  <ItemGroup>
    <ClCompile Include="main.cpp">
      <Filter>Source Files</Filter>
    </ClCompile>
    <ClCompile Include="DX3D\dx3d.ixx">
      <Filter>Source Files</Filter>
    </ClCompile>
    <ClCompile Include="DX3D\Core\core.ixx">
      <Filter>Source Files</Filter>
    </ClCompile>
    <ClCompile Include="DX3D\Window\window.ixx">
      <Filter>Source Files</Filter>
    </ClCompile>
    <ClCompile Include="DX3D\Win32\win32.ixx">
      <Filter>Source Files</Filter>
    </ClCompile>
    <ClCompile Include="DX3D\Game\game.ixx">
      <Filter>Source Files</Filter>
    </ClCompile>
    <ClCompile Include="DX3D\Graphics\graphics.ixx">
      <Filter>Source Files</Filter>
    </ClCompile>
    <ClCompile Include="DX3D\Com\com.ixx">
      <Filter>Source Files</Filter>
    </ClCompile>
    <ClCompile Include="DX3D\Com\comerror.ixx">
      <Filter>Source Files</Filter>
    </ClCompile>
    <ClCompile Include="DX3D\Com\hresult.ixx">
      <Filter>Source Files</Filter>
    </ClCompile>
    <ClCompile Include="DX3D\Com\ptr.ixx">
      <Filter>Source Files</Filter>
    </ClCompile>
    <ClCompile Include="DX3D\Core\base.ixx">
      <Filter>Source Files</Filter>
    </ClCompile>
    <ClCompile Include="DX3D\Core\common.ixx">
      <Filter>Source Files</Filter>
    </ClCompile>
    <ClCompile Include="DX3D\Core\logger.ixx">
      <Filter>Source Files</Filter>
    </ClCompile>
    <ClCompile Include="DX3D\Error\error.ixx">
      <Filter>Source Files</Filter>
    </ClCompile>
    <ClCompile Include="DX3D\Error\functions.ixx">
      <Filter>Source Files</Filter>
    </ClCompile>
    <ClCompile Include="DX3D\Error\runtimerror.ixx">
      <Filter>Source Files</Filter>
    </ClCompile>
    <ClCompile Include="DX3D\Error\win32error.ixx">
      <Filter>Source Files</Filter>
    </ClCompile>
    <ClCompile Include="DX3D\Graphics\graphicsengine.ixx">
      <Filter>Source Files</Filter>
    </ClCompile>
    <ClCompile Include="DX3D\Graphics\rendersystem.cpp">
      <Filter>Source Files</Filter>
    </ClCompile>
    <ClCompile Include="DX3D\Graphics\swapchain.ixx">
      <Filter>Source Files</Filter>
    </ClCompile>
    <ClCompile Include="DX3D\Graphics\graphicsresource.ixx">
      <Filter>Source Files</Filter>
    </ClCompile>
  </ItemGroup>
  <ItemGroup>
    <None Include="vcpkg.json" />
  </ItemGroup>
</Project>