
Microsoft Visual Studio Solution File, Format Version 12.00
# Visual Studio Version 16
VisualStudioVersion = 16.0.28922.388
MinimumVisualStudioVersion = 10.0.40219.1
Project("{8BC9CEB8-8B4A-11D0-8D11-00A0C91BC942}") = "enum-devices", "enum-devices\enum-devices.vcxproj", "{B2A62B6B-7E0B-4FC5-9C59-EF13342529C0}"
EndProject
Project("{8BC9CEB8-8B4A-11D0-8D11-00A0C91BC942}") = "enum-multisample-levels", "enum-multisample-levels\enum-multisample-levels.vcxproj", "{011F79D0-643F-485B-8DE9-8E76B39849BC}"
EndProject
Project("{2150E333-8FDC-42A3-9474-1A3956D46DE8}") = "Solution Items", "Solution Items", "{F2FC7712-489F-45D0-B66E-200B1E197AD5}"
EndProject
Project("{2150E333-8FDC-42A3-9474-1A3956D46DE8}") = "shared", "shared", "{0A3DA44C-1620-4F7D-8584-54894E05D1FE}"
	ProjectSection(SolutionItems) = preProject
		shared\shared.h = shared\shared.h
	EndProjectSection
EndProject
Global
	GlobalSection(SolutionConfigurationPlatforms) = preSolution
		Debug|x64 = Debug|x64
		Debug|x86 = Debug|x86
		Release|x64 = Release|x64
		Release|x86 = Release|x86
	EndGlobalSection
	GlobalSection(ProjectConfigurationPlatforms) = postSolution
		{B2A62B6B-7E0B-4FC5-9C59-EF13342529C0}.Debug|x64.ActiveCfg = Debug|x64
		{B2A62B6B-7E0B-4FC5-9C59-EF13342529C0}.Debug|x64.Build.0 = Debug|x64
		{B2A62B6B-7E0B-4FC5-9C59-EF13342529C0}.Debug|x86.ActiveCfg = Debug|Win32
		{B2A62B6B-7E0B-4FC5-9C59-EF13342529C0}.Debug|x86.Build.0 = Debug|Win32
		{B2A62B6B-7E0B-4FC5-9C59-EF13342529C0}.Release|x64.ActiveCfg = Release|x64
		{B2A62B6B-7E0B-4FC5-9C59-EF13342529C0}.Release|x64.Build.0 = Release|x64
		{B2A62B6B-7E0B-4FC5-9C59-EF13342529C0}.Release|x86.ActiveCfg = Release|Win32
		{B2A62B6B-7E0B-4FC5-9C59-EF13342529C0}.Release|x86.Build.0 = Release|Win32
		{011F79D0-643F-485B-8DE9-8E76B39849BC}.Debug|x64.ActiveCfg = Debug|x64
		{011F79D0-643F-485B-8DE9-8E76B39849BC}.Debug|x64.Build.0 = Debug|x64
		{011F79D0-643F-485B-8DE9-8E76B39849BC}.Debug|x86.ActiveCfg = Debug|Win32
		{011F79D0-643F-485B-8DE9-8E76B39849BC}.Debug|x86.Build.0 = Debug|Win32
		{011F79D0-643F-485B-8DE9-8E76B39849BC}.Release|x64.ActiveCfg = Release|x64
		{011F79D0-643F-485B-8DE9-8E76B39849BC}.Release|x64.Build.0 = Release|x64
		{011F79D0-643F-485B-8DE9-8E76B39849BC}.Release|x86.ActiveCfg = Release|Win32
		{011F79D0-643F-485B-8DE9-8E76B39849BC}.Release|x86.Build.0 = Release|Win32
	EndGlobalSection
	GlobalSection(SolutionProperties) = preSolution
		HideSolutionNode = FALSE
	EndGlobalSection
	GlobalSection(NestedProjects) = preSolution
		{0A3DA44C-1620-4F7D-8584-54894E05D1FE} = {F2FC7712-489F-45D0-B66E-200B1E197AD5}
	EndGlobalSection
	GlobalSection(ExtensibilityGlobals) = postSolution
		SolutionGuid = {5B243241-B8E7-46C0-957A-07B07E38912F}
	EndGlobalSection
EndGlobal
