
Microsoft Visual Studio Solution File, Format Version 12.00
# Visual Studio Version 18
VisualStudioVersion = 18.0.11222.15
MinimumVisualStudioVersion = 10.0.40219.1
Project("{8BC9CEB8-8B4A-11D0-8D11-00A0C91BC942}") = "enum-devices", "0-basics\enum-devices\enum-devices.vcxproj", "{B2A62B6B-7E0B-4FC5-9C59-EF13342529C0}"
EndProject
Project("{8BC9CEB8-8B4A-11D0-8D11-00A0C91BC942}") = "enum-multisample-levels", "0-basics\enum-multisample-levels\enum-multisample-levels.vcxproj", "{011F79D0-643F-485B-8DE9-8E76B39849BC}"
EndProject
Project("{2150E333-8FDC-42A3-9474-1A3956D46DE8}") = "Solution Items", "Solution Items", "{F2FC7712-489F-45D0-B66E-200B1E197AD5}"
EndProject
Project("{8BC9CEB8-8B4A-11D0-8D11-00A0C91BC942}") = "check-feature-levels", "0-basics\check-feature-levels\check-feature-levels.vcxproj", "{FEEF5DAE-42A4-4918-9BD3-79D8BB0D1276}"
EndProject
Project("{8BC9CEB8-8B4A-11D0-8D11-00A0C91BC942}") = "shared", "shared\shared.vcxproj", "{FA7A2120-D1BC-4834-833E-7202837B8661}"
EndProject
Project("{8BC9CEB8-8B4A-11D0-8D11-00A0C91BC942}") = "init-d3d12", "init-d3d12\init-d3d12.vcxproj", "{E33BA99A-A6AA-4B84-88D0-C8FF96363B71}"
EndProject
Project("{8BC9CEB8-8B4A-11D0-8D11-00A0C91BC942}") = "mini-engine", "mini-engine\mini-engine.vcxproj", "{BFA63BC9-40F7-499E-B624-51522DC45474}"
EndProject
Global
	GlobalSection(SolutionConfigurationPlatforms) = preSolution
		Debug|ARM = Debug|ARM
		Debug|ARM64 = Debug|ARM64
		Debug|x64 = Debug|x64
		Debug|x86 = Debug|x86
		Release|ARM = Release|ARM
		Release|ARM64 = Release|ARM64
		Release|x64 = Release|x64
		Release|x86 = Release|x86
	EndGlobalSection
	GlobalSection(ProjectConfigurationPlatforms) = postSolution
		{B2A62B6B-7E0B-4FC5-9C59-EF13342529C0}.Debug|ARM.ActiveCfg = Debug|Win32
		{B2A62B6B-7E0B-4FC5-9C59-EF13342529C0}.Debug|ARM64.ActiveCfg = Debug|Win32
		{B2A62B6B-7E0B-4FC5-9C59-EF13342529C0}.Debug|x64.ActiveCfg = Debug|x64
		{B2A62B6B-7E0B-4FC5-9C59-EF13342529C0}.Debug|x64.Build.0 = Debug|x64
		{B2A62B6B-7E0B-4FC5-9C59-EF13342529C0}.Debug|x86.ActiveCfg = Debug|Win32
		{B2A62B6B-7E0B-4FC5-9C59-EF13342529C0}.Debug|x86.Build.0 = Debug|Win32
		{B2A62B6B-7E0B-4FC5-9C59-EF13342529C0}.Release|ARM.ActiveCfg = Release|Win32
		{B2A62B6B-7E0B-4FC5-9C59-EF13342529C0}.Release|ARM64.ActiveCfg = Release|Win32
		{B2A62B6B-7E0B-4FC5-9C59-EF13342529C0}.Release|x64.ActiveCfg = Release|x64
		{B2A62B6B-7E0B-4FC5-9C59-EF13342529C0}.Release|x64.Build.0 = Release|x64
		{B2A62B6B-7E0B-4FC5-9C59-EF13342529C0}.Release|x86.ActiveCfg = Release|Win32
		{B2A62B6B-7E0B-4FC5-9C59-EF13342529C0}.Release|x86.Build.0 = Release|Win32
		{011F79D0-643F-485B-8DE9-8E76B39849BC}.Debug|ARM.ActiveCfg = Debug|Win32
		{011F79D0-643F-485B-8DE9-8E76B39849BC}.Debug|ARM64.ActiveCfg = Debug|Win32
		{011F79D0-643F-485B-8DE9-8E76B39849BC}.Debug|x64.ActiveCfg = Debug|x64
		{011F79D0-643F-485B-8DE9-8E76B39849BC}.Debug|x64.Build.0 = Debug|x64
		{011F79D0-643F-485B-8DE9-8E76B39849BC}.Debug|x86.ActiveCfg = Debug|Win32
		{011F79D0-643F-485B-8DE9-8E76B39849BC}.Debug|x86.Build.0 = Debug|Win32
		{011F79D0-643F-485B-8DE9-8E76B39849BC}.Release|ARM.ActiveCfg = Release|Win32
		{011F79D0-643F-485B-8DE9-8E76B39849BC}.Release|ARM64.ActiveCfg = Release|Win32
		{011F79D0-643F-485B-8DE9-8E76B39849BC}.Release|x64.ActiveCfg = Release|x64
		{011F79D0-643F-485B-8DE9-8E76B39849BC}.Release|x64.Build.0 = Release|x64
		{011F79D0-643F-485B-8DE9-8E76B39849BC}.Release|x86.ActiveCfg = Release|Win32
		{011F79D0-643F-485B-8DE9-8E76B39849BC}.Release|x86.Build.0 = Release|Win32
		{FEEF5DAE-42A4-4918-9BD3-79D8BB0D1276}.Debug|ARM.ActiveCfg = Debug|Win32
		{FEEF5DAE-42A4-4918-9BD3-79D8BB0D1276}.Debug|ARM64.ActiveCfg = Debug|Win32
		{FEEF5DAE-42A4-4918-9BD3-79D8BB0D1276}.Debug|x64.ActiveCfg = Debug|x64
		{FEEF5DAE-42A4-4918-9BD3-79D8BB0D1276}.Debug|x64.Build.0 = Debug|x64
		{FEEF5DAE-42A4-4918-9BD3-79D8BB0D1276}.Debug|x86.ActiveCfg = Debug|Win32
		{FEEF5DAE-42A4-4918-9BD3-79D8BB0D1276}.Debug|x86.Build.0 = Debug|Win32
		{FEEF5DAE-42A4-4918-9BD3-79D8BB0D1276}.Release|ARM.ActiveCfg = Release|Win32
		{FEEF5DAE-42A4-4918-9BD3-79D8BB0D1276}.Release|ARM64.ActiveCfg = Release|Win32
		{FEEF5DAE-42A4-4918-9BD3-79D8BB0D1276}.Release|x64.ActiveCfg = Release|x64
		{FEEF5DAE-42A4-4918-9BD3-79D8BB0D1276}.Release|x64.Build.0 = Release|x64
		{FEEF5DAE-42A4-4918-9BD3-79D8BB0D1276}.Release|x86.ActiveCfg = Release|Win32
		{FEEF5DAE-42A4-4918-9BD3-79D8BB0D1276}.Release|x86.Build.0 = Release|Win32
		{FA7A2120-D1BC-4834-833E-7202837B8661}.Debug|ARM.ActiveCfg = Debug|x64
		{FA7A2120-D1BC-4834-833E-7202837B8661}.Debug|ARM.Build.0 = Debug|x64
		{FA7A2120-D1BC-4834-833E-7202837B8661}.Debug|ARM64.ActiveCfg = Debug|x64
		{FA7A2120-D1BC-4834-833E-7202837B8661}.Debug|ARM64.Build.0 = Debug|x64
		{FA7A2120-D1BC-4834-833E-7202837B8661}.Debug|x64.ActiveCfg = Debug|x64
		{FA7A2120-D1BC-4834-833E-7202837B8661}.Debug|x64.Build.0 = Debug|x64
		{FA7A2120-D1BC-4834-833E-7202837B8661}.Debug|x86.ActiveCfg = Debug|Win32
		{FA7A2120-D1BC-4834-833E-7202837B8661}.Debug|x86.Build.0 = Debug|Win32
		{FA7A2120-D1BC-4834-833E-7202837B8661}.Release|ARM.ActiveCfg = Release|x64
		{FA7A2120-D1BC-4834-833E-7202837B8661}.Release|ARM.Build.0 = Release|x64
		{FA7A2120-D1BC-4834-833E-7202837B8661}.Release|ARM64.ActiveCfg = Release|x64
		{FA7A2120-D1BC-4834-833E-7202837B8661}.Release|ARM64.Build.0 = Release|x64
		{FA7A2120-D1BC-4834-833E-7202837B8661}.Release|x64.ActiveCfg = Release|x64
		{FA7A2120-D1BC-4834-833E-7202837B8661}.Release|x64.Build.0 = Release|x64
		{FA7A2120-D1BC-4834-833E-7202837B8661}.Release|x86.ActiveCfg = Release|Win32
		{FA7A2120-D1BC-4834-833E-7202837B8661}.Release|x86.Build.0 = Release|Win32
		{E33BA99A-A6AA-4B84-88D0-C8FF96363B71}.Debug|ARM.ActiveCfg = Debug|x64
		{E33BA99A-A6AA-4B84-88D0-C8FF96363B71}.Debug|ARM.Build.0 = Debug|x64
		{E33BA99A-A6AA-4B84-88D0-C8FF96363B71}.Debug|ARM64.ActiveCfg = Debug|x64
		{E33BA99A-A6AA-4B84-88D0-C8FF96363B71}.Debug|ARM64.Build.0 = Debug|x64
		{E33BA99A-A6AA-4B84-88D0-C8FF96363B71}.Debug|x64.ActiveCfg = Debug|x64
		{E33BA99A-A6AA-4B84-88D0-C8FF96363B71}.Debug|x64.Build.0 = Debug|x64
		{E33BA99A-A6AA-4B84-88D0-C8FF96363B71}.Debug|x86.ActiveCfg = Debug|Win32
		{E33BA99A-A6AA-4B84-88D0-C8FF96363B71}.Debug|x86.Build.0 = Debug|Win32
		{E33BA99A-A6AA-4B84-88D0-C8FF96363B71}.Release|ARM.ActiveCfg = Release|x64
		{E33BA99A-A6AA-4B84-88D0-C8FF96363B71}.Release|ARM.Build.0 = Release|x64
		{E33BA99A-A6AA-4B84-88D0-C8FF96363B71}.Release|ARM64.ActiveCfg = Release|x64
		{E33BA99A-A6AA-4B84-88D0-C8FF96363B71}.Release|ARM64.Build.0 = Release|x64
		{E33BA99A-A6AA-4B84-88D0-C8FF96363B71}.Release|x64.ActiveCfg = Release|x64
		{E33BA99A-A6AA-4B84-88D0-C8FF96363B71}.Release|x64.Build.0 = Release|x64
		{E33BA99A-A6AA-4B84-88D0-C8FF96363B71}.Release|x86.ActiveCfg = Release|Win32
		{E33BA99A-A6AA-4B84-88D0-C8FF96363B71}.Release|x86.Build.0 = Release|Win32
		{BFA63BC9-40F7-499E-B624-51522DC45474}.Debug|ARM.ActiveCfg = Debug|x64
		{BFA63BC9-40F7-499E-B624-51522DC45474}.Debug|ARM.Build.0 = Debug|x64
		{BFA63BC9-40F7-499E-B624-51522DC45474}.Debug|ARM64.ActiveCfg = Debug|x64
		{BFA63BC9-40F7-499E-B624-51522DC45474}.Debug|ARM64.Build.0 = Debug|x64
		{BFA63BC9-40F7-499E-B624-51522DC45474}.Debug|x64.ActiveCfg = Debug|x64
		{BFA63BC9-40F7-499E-B624-51522DC45474}.Debug|x64.Build.0 = Debug|x64
		{BFA63BC9-40F7-499E-B624-51522DC45474}.Debug|x86.ActiveCfg = Debug|Win32
		{BFA63BC9-40F7-499E-B624-51522DC45474}.Debug|x86.Build.0 = Debug|Win32
		{BFA63BC9-40F7-499E-B624-51522DC45474}.Release|ARM.ActiveCfg = Release|x64
		{BFA63BC9-40F7-499E-B624-51522DC45474}.Release|ARM.Build.0 = Release|x64
		{BFA63BC9-40F7-499E-B624-51522DC45474}.Release|ARM64.ActiveCfg = Release|x64
		{BFA63BC9-40F7-499E-B624-51522DC45474}.Release|ARM64.Build.0 = Release|x64
		{BFA63BC9-40F7-499E-B624-51522DC45474}.Release|x64.ActiveCfg = Release|x64
		{BFA63BC9-40F7-499E-B624-51522DC45474}.Release|x64.Build.0 = Release|x64
		{BFA63BC9-40F7-499E-B624-51522DC45474}.Release|x86.ActiveCfg = Release|Win32
		{BFA63BC9-40F7-499E-B624-51522DC45474}.Release|x86.Build.0 = Release|Win32
	EndGlobalSection
	GlobalSection(SolutionProperties) = preSolution
		HideSolutionNode = FALSE
	EndGlobalSection
	GlobalSection(ExtensibilityGlobals) = postSolution
		SolutionGuid = {5B243241-B8E7-46C0-957A-07B07E38912F}
	EndGlobalSection
EndGlobal
